
Microsoft Visual Studio Solution File, Format Version 12.00
# Visual Studio Version 16
VisualStudioVersion = 16.0.29324.140
MinimumVisualStudioVersion = 10.0.40219.1
Project("{9A19103F-16F7-4668-BE54-9A1E7A4F7556}") = "Engine", "Engine\Engine.csproj", "{9ACE5214-E2A4-468D-8EC5-2A01AF338CB7}"
EndProject
Project("{9A19103F-16F7-4668-BE54-9A1E7A4F7556}") = "BaseGame", "Game\BaseGame.csproj", "{9F0476B9-EF00-48FC-990C-AD9B3C60E35B}"
EndProject
Project("{2150E333-8FDC-42A3-9474-1A3956D46DE8}") = "Solution Items", "Solution Items", "{10E44E5F-E5FB-463E-B44A-2B1BE156F889}"
	ProjectSection(SolutionItems) = preProject
		CheatSheet.txt = CheatSheet.txt
	EndProjectSection
EndProject
Project("{9A19103F-16F7-4668-BE54-9A1E7A4F7556}") = "Engine.Game", "Engine.Game\Engine.Game.csproj", "{AACAA212-7F4D-45EB-97F5-7CB6FB04A6DB}"
EndProject
Project("{9A19103F-16F7-4668-BE54-9A1E7A4F7556}") = "Engine.Game.Commands", "Engine.Game.Commands\Engine.Game.Commands.csproj", "{CA290410-9E3D-4BE0-BAE8-4BEEE3C1A7C6}"
EndProject
Project("{9A19103F-16F7-4668-BE54-9A1E7A4F7556}") = "Engine.Game.GameConsole", "Engine.Game.GameConsole\Engine.Game.GameConsole.csproj", "{C0B3C683-3154-462C-8A09-F5432D3AAD5C}"
EndProject
Project("{9A19103F-16F7-4668-BE54-9A1E7A4F7556}") = "Engine.GamePlay", "Engine.GamePlay\Engine.GamePlay.csproj", "{005BC53D-0D5B-4777-AF33-508D728AFC56}"
EndProject
Project("{9A19103F-16F7-4668-BE54-9A1E7A4F7556}") = "Engine.Entities", "Engine.Entities\Engine.Entities.csproj", "{947E1953-731A-45DD-9173-697266E7BD58}"
EndProject
Project("{9A19103F-16F7-4668-BE54-9A1E7A4F7556}") = "Engine.Loot", "Engine.Loot\Engine.Loot.csproj", "{14046235-05E0-48BF-8739-1EFD63D9370C}"
EndProject
Project("{9A19103F-16F7-4668-BE54-9A1E7A4F7556}") = "Engine.Map", "Engine.Map\Engine.Map.csproj", "{D53F5A33-D274-4C0D-BE82-BAAAB31318B7}"
EndProject
Project("{9A19103F-16F7-4668-BE54-9A1E7A4F7556}") = "Engine.Room", "Engine.Room\Engine.Room.csproj", "{9634C73F-27A2-4074-98BB-FC73B44B0514}"
EndProject
Project("{9A19103F-16F7-4668-BE54-9A1E7A4F7556}") = "Engine.Story", "Engine.Story\Engine.Story.csproj", "{8EE7F4E7-A899-4759-B65A-E40894BB834E}"
EndProject
Project("{9A19103F-16F7-4668-BE54-9A1E7A4F7556}") = "Engine.Economic", "Engine.Economic\Engine.Economic.csproj", "{468FC62A-FA3B-4D8F-8DB8-65AA4D0F5737}"
EndProject
Project("{9A19103F-16F7-4668-BE54-9A1E7A4F7556}") = "Engine.Inventory", "Engine.Inventory\Engine.Inventory.csproj", "{0E3B4A2A-A1D0-41C1-86BF-0E6A69071C08}"
EndProject
Project("{9A19103F-16F7-4668-BE54-9A1E7A4F7556}") = "Engine.Utilities", "Engine.Utilities\Engine.Utilities.csproj", "{2C3A6C91-7D10-4532-9FC6-C208FAEEEB32}"
EndProject
Project("{9A19103F-16F7-4668-BE54-9A1E7A4F7556}") = "Engine.Utilities.File", "Engine.Utilities.File\Engine.Utilities.File.csproj", "{234A3DB2-1A30-45FE-AC02-8A31A09EB635}"
EndProject
Project("{9A19103F-16F7-4668-BE54-9A1E7A4F7556}") = "Engine.Utilities.Threading", "Engine.Utilities.Threading\Engine.Utilities.Threading.csproj", "{73024741-E2CE-4263-88CB-4AEE2D499A82}"
EndProject
Project("{9A19103F-16F7-4668-BE54-9A1E7A4F7556}") = "Engine.Utilities.Additionals", "Engine.Utilities.Additionals\Engine.Utilities.Additionals.csproj", "{AD18734E-92A7-4E34-832B-554497178904}"
EndProject
Project("{9A19103F-16F7-4668-BE54-9A1E7A4F7556}") = "Engine.Utilities.Crypto", "Engine.Utilities.Crypto\Engine.Utilities.Crypto.csproj", "{2E6394B7-8478-4003-9057-C333E3C03131}"
EndProject
Project("{FAE04EC0-301F-11D3-BF4B-00C04F79EFBC}") = "Engine.Utilities.Logger", "Engine.Utilities.Logger\Engine.Utilities.Logger.csproj", "{E45E815C-A0B0-4A65-94B5-82A2FD061B67}"
EndProject
Project("{FAE04EC0-301F-11D3-BF4B-00C04F79EFBC}") = "Engine.Utilities.Wait", "Engine.Utilities.Wait\Engine.Utilities.Wait.csproj", "{940DA4E4-A27F-4B8B-8EA8-F28540A1A1FA}"
EndProject
Project("{FAE04EC0-301F-11D3-BF4B-00C04F79EFBC}") = "Engine.Utilities.Graphical", "Engine.Utilities.Graphical\Engine.Utilities.Graphical.csproj", "{DC990ADC-8C1D-4F7D-AD5E-203F26655C2A}"
EndProject
Project("{FAE04EC0-301F-11D3-BF4B-00C04F79EFBC}") = "Engine.Chars", "Engine.Chars\Engine.Chars.csproj", "{FD46EE96-EF21-4208-8EB6-8CFC7C8CB246}"
EndProject
Global
	GlobalSection(SolutionConfigurationPlatforms) = preSolution
		Debug|Any CPU = Debug|Any CPU
		Release|Any CPU = Release|Any CPU
	EndGlobalSection
	GlobalSection(ProjectConfigurationPlatforms) = postSolution
		{9ACE5214-E2A4-468D-8EC5-2A01AF338CB7}.Debug|Any CPU.ActiveCfg = Debug|Any CPU
		{9ACE5214-E2A4-468D-8EC5-2A01AF338CB7}.Debug|Any CPU.Build.0 = Debug|Any CPU
		{9ACE5214-E2A4-468D-8EC5-2A01AF338CB7}.Release|Any CPU.ActiveCfg = Release|Any CPU
		{9ACE5214-E2A4-468D-8EC5-2A01AF338CB7}.Release|Any CPU.Build.0 = Release|Any CPU
		{9F0476B9-EF00-48FC-990C-AD9B3C60E35B}.Debug|Any CPU.ActiveCfg = Debug|Any CPU
		{9F0476B9-EF00-48FC-990C-AD9B3C60E35B}.Debug|Any CPU.Build.0 = Debug|Any CPU
		{9F0476B9-EF00-48FC-990C-AD9B3C60E35B}.Release|Any CPU.ActiveCfg = Release|Any CPU
		{9F0476B9-EF00-48FC-990C-AD9B3C60E35B}.Release|Any CPU.Build.0 = Release|Any CPU
		{AACAA212-7F4D-45EB-97F5-7CB6FB04A6DB}.Debug|Any CPU.ActiveCfg = Debug|Any CPU
		{AACAA212-7F4D-45EB-97F5-7CB6FB04A6DB}.Debug|Any CPU.Build.0 = Debug|Any CPU
		{AACAA212-7F4D-45EB-97F5-7CB6FB04A6DB}.Release|Any CPU.ActiveCfg = Release|Any CPU
		{AACAA212-7F4D-45EB-97F5-7CB6FB04A6DB}.Release|Any CPU.Build.0 = Release|Any CPU
		{CA290410-9E3D-4BE0-BAE8-4BEEE3C1A7C6}.Debug|Any CPU.ActiveCfg = Debug|Any CPU
		{CA290410-9E3D-4BE0-BAE8-4BEEE3C1A7C6}.Debug|Any CPU.Build.0 = Debug|Any CPU
		{CA290410-9E3D-4BE0-BAE8-4BEEE3C1A7C6}.Release|Any CPU.ActiveCfg = Release|Any CPU
		{CA290410-9E3D-4BE0-BAE8-4BEEE3C1A7C6}.Release|Any CPU.Build.0 = Release|Any CPU
		{C0B3C683-3154-462C-8A09-F5432D3AAD5C}.Debug|Any CPU.ActiveCfg = Debug|Any CPU
		{C0B3C683-3154-462C-8A09-F5432D3AAD5C}.Debug|Any CPU.Build.0 = Debug|Any CPU
		{C0B3C683-3154-462C-8A09-F5432D3AAD5C}.Release|Any CPU.ActiveCfg = Release|Any CPU
		{C0B3C683-3154-462C-8A09-F5432D3AAD5C}.Release|Any CPU.Build.0 = Release|Any CPU
		{005BC53D-0D5B-4777-AF33-508D728AFC56}.Debug|Any CPU.ActiveCfg = Debug|Any CPU
		{005BC53D-0D5B-4777-AF33-508D728AFC56}.Debug|Any CPU.Build.0 = Debug|Any CPU
		{005BC53D-0D5B-4777-AF33-508D728AFC56}.Release|Any CPU.ActiveCfg = Release|Any CPU
		{005BC53D-0D5B-4777-AF33-508D728AFC56}.Release|Any CPU.Build.0 = Release|Any CPU
		{947E1953-731A-45DD-9173-697266E7BD58}.Debug|Any CPU.ActiveCfg = Debug|Any CPU
		{947E1953-731A-45DD-9173-697266E7BD58}.Debug|Any CPU.Build.0 = Debug|Any CPU
		{947E1953-731A-45DD-9173-697266E7BD58}.Release|Any CPU.ActiveCfg = Release|Any CPU
		{947E1953-731A-45DD-9173-697266E7BD58}.Release|Any CPU.Build.0 = Release|Any CPU
		{14046235-05E0-48BF-8739-1EFD63D9370C}.Debug|Any CPU.ActiveCfg = Debug|Any CPU
		{14046235-05E0-48BF-8739-1EFD63D9370C}.Debug|Any CPU.Build.0 = Debug|Any CPU
		{14046235-05E0-48BF-8739-1EFD63D9370C}.Release|Any CPU.ActiveCfg = Release|Any CPU
		{14046235-05E0-48BF-8739-1EFD63D9370C}.Release|Any CPU.Build.0 = Release|Any CPU
		{D53F5A33-D274-4C0D-BE82-BAAAB31318B7}.Debug|Any CPU.ActiveCfg = Debug|Any CPU
		{D53F5A33-D274-4C0D-BE82-BAAAB31318B7}.Debug|Any CPU.Build.0 = Debug|Any CPU
		{D53F5A33-D274-4C0D-BE82-BAAAB31318B7}.Release|Any CPU.ActiveCfg = Release|Any CPU
		{D53F5A33-D274-4C0D-BE82-BAAAB31318B7}.Release|Any CPU.Build.0 = Release|Any CPU
		{9634C73F-27A2-4074-98BB-FC73B44B0514}.Debug|Any CPU.ActiveCfg = Debug|Any CPU
		{9634C73F-27A2-4074-98BB-FC73B44B0514}.Debug|Any CPU.Build.0 = Debug|Any CPU
		{9634C73F-27A2-4074-98BB-FC73B44B0514}.Release|Any CPU.ActiveCfg = Release|Any CPU
		{9634C73F-27A2-4074-98BB-FC73B44B0514}.Release|Any CPU.Build.0 = Release|Any CPU
		{8EE7F4E7-A899-4759-B65A-E40894BB834E}.Debug|Any CPU.ActiveCfg = Debug|Any CPU
		{8EE7F4E7-A899-4759-B65A-E40894BB834E}.Debug|Any CPU.Build.0 = Debug|Any CPU
		{8EE7F4E7-A899-4759-B65A-E40894BB834E}.Release|Any CPU.ActiveCfg = Release|Any CPU
		{8EE7F4E7-A899-4759-B65A-E40894BB834E}.Release|Any CPU.Build.0 = Release|Any CPU
		{468FC62A-FA3B-4D8F-8DB8-65AA4D0F5737}.Debug|Any CPU.ActiveCfg = Debug|Any CPU
		{468FC62A-FA3B-4D8F-8DB8-65AA4D0F5737}.Debug|Any CPU.Build.0 = Debug|Any CPU
		{468FC62A-FA3B-4D8F-8DB8-65AA4D0F5737}.Release|Any CPU.ActiveCfg = Release|Any CPU
		{468FC62A-FA3B-4D8F-8DB8-65AA4D0F5737}.Release|Any CPU.Build.0 = Release|Any CPU
		{0E3B4A2A-A1D0-41C1-86BF-0E6A69071C08}.Debug|Any CPU.ActiveCfg = Debug|Any CPU
		{0E3B4A2A-A1D0-41C1-86BF-0E6A69071C08}.Debug|Any CPU.Build.0 = Debug|Any CPU
		{0E3B4A2A-A1D0-41C1-86BF-0E6A69071C08}.Release|Any CPU.ActiveCfg = Release|Any CPU
		{0E3B4A2A-A1D0-41C1-86BF-0E6A69071C08}.Release|Any CPU.Build.0 = Release|Any CPU
		{2C3A6C91-7D10-4532-9FC6-C208FAEEEB32}.Debug|Any CPU.ActiveCfg = Debug|Any CPU
		{2C3A6C91-7D10-4532-9FC6-C208FAEEEB32}.Debug|Any CPU.Build.0 = Debug|Any CPU
		{2C3A6C91-7D10-4532-9FC6-C208FAEEEB32}.Release|Any CPU.ActiveCfg = Release|Any CPU
		{2C3A6C91-7D10-4532-9FC6-C208FAEEEB32}.Release|Any CPU.Build.0 = Release|Any CPU
		{234A3DB2-1A30-45FE-AC02-8A31A09EB635}.Debug|Any CPU.ActiveCfg = Debug|Any CPU
		{234A3DB2-1A30-45FE-AC02-8A31A09EB635}.Debug|Any CPU.Build.0 = Debug|Any CPU
		{234A3DB2-1A30-45FE-AC02-8A31A09EB635}.Release|Any CPU.ActiveCfg = Release|Any CPU
		{234A3DB2-1A30-45FE-AC02-8A31A09EB635}.Release|Any CPU.Build.0 = Release|Any CPU
		{73024741-E2CE-4263-88CB-4AEE2D499A82}.Debug|Any CPU.ActiveCfg = Debug|Any CPU
		{73024741-E2CE-4263-88CB-4AEE2D499A82}.Debug|Any CPU.Build.0 = Debug|Any CPU
		{73024741-E2CE-4263-88CB-4AEE2D499A82}.Release|Any CPU.ActiveCfg = Release|Any CPU
		{73024741-E2CE-4263-88CB-4AEE2D499A82}.Release|Any CPU.Build.0 = Release|Any CPU
		{AD18734E-92A7-4E34-832B-554497178904}.Debug|Any CPU.ActiveCfg = Debug|Any CPU
		{AD18734E-92A7-4E34-832B-554497178904}.Debug|Any CPU.Build.0 = Debug|Any CPU
		{AD18734E-92A7-4E34-832B-554497178904}.Release|Any CPU.ActiveCfg = Release|Any CPU
		{AD18734E-92A7-4E34-832B-554497178904}.Release|Any CPU.Build.0 = Release|Any CPU
		{2E6394B7-8478-4003-9057-C333E3C03131}.Debug|Any CPU.ActiveCfg = Debug|Any CPU
		{2E6394B7-8478-4003-9057-C333E3C03131}.Debug|Any CPU.Build.0 = Debug|Any CPU
		{2E6394B7-8478-4003-9057-C333E3C03131}.Release|Any CPU.ActiveCfg = Release|Any CPU
		{2E6394B7-8478-4003-9057-C333E3C03131}.Release|Any CPU.Build.0 = Release|Any CPU
		{E45E815C-A0B0-4A65-94B5-82A2FD061B67}.Debug|Any CPU.ActiveCfg = Debug|Any CPU
		{E45E815C-A0B0-4A65-94B5-82A2FD061B67}.Debug|Any CPU.Build.0 = Debug|Any CPU
		{E45E815C-A0B0-4A65-94B5-82A2FD061B67}.Release|Any CPU.ActiveCfg = Release|Any CPU
		{E45E815C-A0B0-4A65-94B5-82A2FD061B67}.Release|Any CPU.Build.0 = Release|Any CPU
		{940DA4E4-A27F-4B8B-8EA8-F28540A1A1FA}.Debug|Any CPU.ActiveCfg = Debug|Any CPU
		{940DA4E4-A27F-4B8B-8EA8-F28540A1A1FA}.Debug|Any CPU.Build.0 = Debug|Any CPU
		{940DA4E4-A27F-4B8B-8EA8-F28540A1A1FA}.Release|Any CPU.ActiveCfg = Release|Any CPU
		{940DA4E4-A27F-4B8B-8EA8-F28540A1A1FA}.Release|Any CPU.Build.0 = Release|Any CPU
		{DC990ADC-8C1D-4F7D-AD5E-203F26655C2A}.Debug|Any CPU.ActiveCfg = Debug|Any CPU
		{DC990ADC-8C1D-4F7D-AD5E-203F26655C2A}.Debug|Any CPU.Build.0 = Debug|Any CPU
		{DC990ADC-8C1D-4F7D-AD5E-203F26655C2A}.Release|Any CPU.ActiveCfg = Release|Any CPU
		{DC990ADC-8C1D-4F7D-AD5E-203F26655C2A}.Release|Any CPU.Build.0 = Release|Any CPU
		{FD46EE96-EF21-4208-8EB6-8CFC7C8CB246}.Debug|Any CPU.ActiveCfg = Debug|Any CPU
		{FD46EE96-EF21-4208-8EB6-8CFC7C8CB246}.Debug|Any CPU.Build.0 = Debug|Any CPU
		{FD46EE96-EF21-4208-8EB6-8CFC7C8CB246}.Release|Any CPU.ActiveCfg = Release|Any CPU
		{FD46EE96-EF21-4208-8EB6-8CFC7C8CB246}.Release|Any CPU.Build.0 = Release|Any CPU
	EndGlobalSection
	GlobalSection(SolutionProperties) = preSolution
		HideSolutionNode = FALSE
	EndGlobalSection
	GlobalSection(ExtensibilityGlobals) = postSolution
		SolutionGuid = {A8EF7B3D-DFA5-4AEA-A791-031145EAC62A}
	EndGlobalSection
EndGlobal
